
Microsoft Visual Studio Solution File, Format Version 12.00
# Visual Studio Version 16
VisualStudioVersion = 16.0.30225.117
MinimumVisualStudioVersion = 10.0.40219.1
Project("{FAE04EC0-301F-11D3-BF4B-00C04F79EFBC}") = "TextEditor", "TextEditor.csproj", "{959C9428-CF69-45AA-9529-0DDE746E05B3}"
EndProject
Project("{FAE04EC0-301F-11D3-BF4B-00C04F79EFBC}") = "TextEditor.BL", "TextEditor.BL\TextEditor.BL.csproj", "{65FE9CD5-D265-4E6E-8735-433E10A11AA6}"
EndProject
Global
	GlobalSection(SolutionConfigurationPlatforms) = preSolution
		Debug|Any CPU = Debug|Any CPU
		Release|Any CPU = Release|Any CPU
	EndGlobalSection
	GlobalSection(ProjectConfigurationPlatforms) = postSolution
		{959C9428-CF69-45AA-9529-0DDE746E05B3}.Debug|Any CPU.ActiveCfg = Debug|Any CPU
		{959C9428-CF69-45AA-9529-0DDE746E05B3}.Debug|Any CPU.Build.0 = Debug|Any CPU
		{959C9428-CF69-45AA-9529-0DDE746E05B3}.Release|Any CPU.ActiveCfg = Release|Any CPU
		{959C9428-CF69-45AA-9529-0DDE746E05B3}.Release|Any CPU.Build.0 = Release|Any CPU
		{65FE9CD5-D265-4E6E-8735-433E10A11AA6}.Debug|Any CPU.ActiveCfg = Debug|Any CPU
		{65FE9CD5-D265-4E6E-8735-433E10A11AA6}.Debug|Any CPU.Build.0 = Debug|Any CPU
		{65FE9CD5-D265-4E6E-8735-433E10A11AA6}.Release|Any CPU.ActiveCfg = Release|Any CPU
		{65FE9CD5-D265-4E6E-8735-433E10A11AA6}.Release|Any CPU.Build.0 = Release|Any CPU
	EndGlobalSection
	GlobalSection(SolutionProperties) = preSolution
		HideSolutionNode = FALSE
	EndGlobalSection
	GlobalSection(ExtensibilityGlobals) = postSolution
		SolutionGuid = {D21DAA68-C20D-4037-9DE7-003256E6583E}
	EndGlobalSection
EndGlobal
